// !$*UTF8*$!
{
	archiveVersion = 1;
	classes = {
	};
	objectVersion = 46;
	objects = {

/* Begin PBXBuildFile section */
		6E45B5181ABBD5A900F3161F /* main.m in Sources */ = {isa = PBXBuildFile; fileRef = 6E45B5171ABBD5A900F3161F /* main.m */; };
		6E45B51B1ABBD5A900F3161F /* AppDelegate.m in Sources */ = {isa = PBXBuildFile; fileRef = 6E45B51A1ABBD5A900F3161F /* AppDelegate.m */; };
		6E45B53D1ABBD63200F3161F /* Images.xcassets in Resources */ = {isa = PBXBuildFile; fileRef = 6E45B53C1ABBD63200F3161F /* Images.xcassets */; };
		6E45B53F1ABBD6CB00F3161F /* LaunchScreen.xib in Resources */ = {isa = PBXBuildFile; fileRef = 6E45B53E1ABBD6CB00F3161F /* LaunchScreen.xib */; };
		6E45B5431ABBD6FA00F3161F /* MainVC.m in Sources */ = {isa = PBXBuildFile; fileRef = 6E45B5421ABBD6FA00F3161F /* MainVC.m */; };
		6E45B5471ABBDE7700F3161F /* BLEHRMController.m in Sources */ = {isa = PBXBuildFile; fileRef = 6E45B5461ABBDE7700F3161F /* BLEHRMController.m */; };
		6E45B54E1ABBE04600F3161F /* KVCUtils.m in Sources */ = {isa = PBXBuildFile; fileRef = 6E45B54D1ABBE04600F3161F /* KVCUtils.m */; };
		6E45B5501ABBE1A500F3161F /* MainVC.xib in Resources */ = {isa = PBXBuildFile; fileRef = 6E45B54F1ABBE1A500F3161F /* MainVC.xib */; };
/* End PBXBuildFile section */

/* Begin PBXFileReference section */
		6E45B5121ABBD5A900F3161F /* BLE-HRM-iOS-Demo.app */ = {isa = PBXFileReference; explicitFileType = wrapper.application; includeInIndex = 0; path = "BLE-HRM-iOS-Demo.app"; sourceTree = BUILT_PRODUCTS_DIR; };
		6E45B5161ABBD5A900F3161F /* Info.plist */ = {isa = PBXFileReference; lastKnownFileType = text.plist.xml; path = Info.plist; sourceTree = "<group>"; };
		6E45B5171ABBD5A900F3161F /* main.m */ = {isa = PBXFileReference; lastKnownFileType = sourcecode.c.objc; path = main.m; sourceTree = "<group>"; };
		6E45B5191ABBD5A900F3161F /* AppDelegate.h */ = {isa = PBXFileReference; lastKnownFileType = sourcecode.c.h; path = AppDelegate.h; sourceTree = "<group>"; };
		6E45B51A1ABBD5A900F3161F /* AppDelegate.m */ = {isa = PBXFileReference; lastKnownFileType = sourcecode.c.objc; path = AppDelegate.m; sourceTree = "<group>"; };
		6E45B53C1ABBD63200F3161F /* Images.xcassets */ = {isa = PBXFileReference; lastKnownFileType = folder.assetcatalog; path = Images.xcassets; sourceTree = "<group>"; };
		6E45B53E1ABBD6CB00F3161F /* LaunchScreen.xib */ = {isa = PBXFileReference; fileEncoding = 4; lastKnownFileType = file.xib; path = LaunchScreen.xib; sourceTree = "<group>"; };
		6E45B5411ABBD6FA00F3161F /* MainVC.h */ = {isa = PBXFileReference; fileEncoding = 4; lastKnownFileType = sourcecode.c.h; name = MainVC.h; path = ViewControllers/MainVC.h; sourceTree = "<group>"; };
		6E45B5421ABBD6FA00F3161F /* MainVC.m */ = {isa = PBXFileReference; fileEncoding = 4; lastKnownFileType = sourcecode.c.objc; name = MainVC.m; path = ViewControllers/MainVC.m; sourceTree = "<group>"; };
		6E45B5451ABBDE7700F3161F /* BLEHRMController.h */ = {isa = PBXFileReference; fileEncoding = 4; lastKnownFileType = sourcecode.c.h; path = BLEHRMController.h; sourceTree = "<group>"; };
		6E45B5461ABBDE7700F3161F /* BLEHRMController.m */ = {isa = PBXFileReference; fileEncoding = 4; lastKnownFileType = sourcecode.c.objc; path = BLEHRMController.m; sourceTree = "<group>"; };
		6E45B54C1ABBE04600F3161F /* KVCUtils.h */ = {isa = PBXFileReference; fileEncoding = 4; lastKnownFileType = sourcecode.c.h; path = KVCUtils.h; sourceTree = "<group>"; };
		6E45B54D1ABBE04600F3161F /* KVCUtils.m */ = {isa = PBXFileReference; fileEncoding = 4; lastKnownFileType = sourcecode.c.objc; path = KVCUtils.m; sourceTree = "<group>"; };
		6E45B54F1ABBE1A500F3161F /* MainVC.xib */ = {isa = PBXFileReference; fileEncoding = 4; lastKnownFileType = file.xib; name = MainVC.xib; path = ViewControllers/MainVC.xib; sourceTree = "<group>"; };
/* End PBXFileReference section */

/* Begin PBXFrameworksBuildPhase section */
		6E45B50F1ABBD5A900F3161F /* Frameworks */ = {
			isa = PBXFrameworksBuildPhase;
			buildActionMask = 2147483647;
			files = (
			);
			runOnlyForDeploymentPostprocessing = 0;
		};
/* End PBXFrameworksBuildPhase section */

/* Begin PBXGroup section */
		6E45B5091ABBD5A900F3161F = {
			isa = PBXGroup;
			children = (
				6E45B54B1ABBE04600F3161F /* Common */,
				6E45B5141ABBD5A900F3161F /* BLE-HRM-iOS-Demo */,
				6E45B5131ABBD5A900F3161F /* Products */,
			);
			sourceTree = "<group>";
		};
		6E45B5131ABBD5A900F3161F /* Products */ = {
			isa = PBXGroup;
			children = (
				6E45B5121ABBD5A900F3161F /* BLE-HRM-iOS-Demo.app */,
			);
			name = Products;
			sourceTree = "<group>";
		};
		6E45B5141ABBD5A900F3161F /* BLE-HRM-iOS-Demo */ = {
			isa = PBXGroup;
			children = (
				6E45B5191ABBD5A900F3161F /* AppDelegate.h */,
				6E45B51A1ABBD5A900F3161F /* AppDelegate.m */,
				6E45B53B1ABBD61600F3161F /* Resources */,
				6E45B5441ABBDE5100F3161F /* Controllers */,
				6E45B5401ABBD6E400F3161F /* ViewControllers */,
				6E45B5151ABBD5A900F3161F /* Supporting Files */,
			);
			path = "BLE-HRM-iOS-Demo";
			sourceTree = "<group>";
		};
		6E45B5151ABBD5A900F3161F /* Supporting Files */ = {
			isa = PBXGroup;
			children = (
				6E45B5161ABBD5A900F3161F /* Info.plist */,
				6E45B5171ABBD5A900F3161F /* main.m */,
			);
			name = "Supporting Files";
			sourceTree = "<group>";
		};
		6E45B53B1ABBD61600F3161F /* Resources */ = {
			isa = PBXGroup;
			children = (
				6E45B53E1ABBD6CB00F3161F /* LaunchScreen.xib */,
				6E45B53C1ABBD63200F3161F /* Images.xcassets */,
			);
			path = Resources;
			sourceTree = "<group>";
		};
		6E45B5401ABBD6E400F3161F /* ViewControllers */ = {
			isa = PBXGroup;
			children = (
				6E45B5411ABBD6FA00F3161F /* MainVC.h */,
				6E45B5421ABBD6FA00F3161F /* MainVC.m */,
				6E45B54F1ABBE1A500F3161F /* MainVC.xib */,
			);
			name = ViewControllers;
			sourceTree = "<group>";
		};
		6E45B5441ABBDE5100F3161F /* Controllers */ = {
			isa = PBXGroup;
			children = (
				6E45B5451ABBDE7700F3161F /* BLEHRMController.h */,
				6E45B5461ABBDE7700F3161F /* BLEHRMController.m */,
			);
			path = Controllers;
			sourceTree = "<group>";
		};
		6E45B54B1ABBE04600F3161F /* Common */ = {
			isa = PBXGroup;
			children = (
				6E45B54C1ABBE04600F3161F /* KVCUtils.h */,
				6E45B54D1ABBE04600F3161F /* KVCUtils.m */,
			);
			path = Common;
			sourceTree = "<group>";
		};
/* End PBXGroup section */

/* Begin PBXNativeTarget section */
		6E45B5111ABBD5A900F3161F /* BLE-HRM-iOS-Demo */ = {
			isa = PBXNativeTarget;
			buildConfigurationList = 6E45B5351ABBD5A900F3161F /* Build configuration list for PBXNativeTarget "BLE-HRM-iOS-Demo" */;
			buildPhases = (
				6E45B50E1ABBD5A900F3161F /* Sources */,
				6E45B50F1ABBD5A900F3161F /* Frameworks */,
				6E45B5101ABBD5A900F3161F /* Resources */,
			);
			buildRules = (
			);
			dependencies = (
			);
			name = "BLE-HRM-iOS-Demo";
			productName = "BLE-HRM-iOS-Demo";
			productReference = 6E45B5121ABBD5A900F3161F /* BLE-HRM-iOS-Demo.app */;
			productType = "com.apple.product-type.application";
		};
/* End PBXNativeTarget section */

/* Begin PBXProject section */
		6E45B50A1ABBD5A900F3161F /* Project object */ = {
			isa = PBXProject;
			attributes = {
				LastUpgradeCheck = 0620;
				ORGANIZATIONNAME = Noveo;
				TargetAttributes = {
					6E45B5111ABBD5A900F3161F = {
						CreatedOnToolsVersion = 6.2;
					};
				};
			};
			buildConfigurationList = 6E45B50D1ABBD5A900F3161F /* Build configuration list for PBXProject "BLE-HRM-iOS-Demo" */;
			compatibilityVersion = "Xcode 3.2";
			developmentRegion = English;
			hasScannedForEncodings = 0;
			knownRegions = (
				Base,
			);
			mainGroup = 6E45B5091ABBD5A900F3161F;
			productRefGroup = 6E45B5131ABBD5A900F3161F /* Products */;
			projectDirPath = "";
			projectRoot = "";
			targets = (
				6E45B5111ABBD5A900F3161F /* BLE-HRM-iOS-Demo */,
			);
		};
/* End PBXProject section */

/* Begin PBXResourcesBuildPhase section */
		6E45B5101ABBD5A900F3161F /* Resources */ = {
			isa = PBXResourcesBuildPhase;
			buildActionMask = 2147483647;
			files = (
				6E45B5501ABBE1A500F3161F /* MainVC.xib in Resources */,
				6E45B53F1ABBD6CB00F3161F /* LaunchScreen.xib in Resources */,
				6E45B53D1ABBD63200F3161F /* Images.xcassets in Resources */,
			);
			runOnlyForDeploymentPostprocessing = 0;
		};
/* End PBXResourcesBuildPhase section */

/* Begin PBXSourcesBuildPhase section */
		6E45B50E1ABBD5A900F3161F /* Sources */ = {
			isa = PBXSourcesBuildPhase;
			buildActionMask = 2147483647;
			files = (
				6E45B5431ABBD6FA00F3161F /* MainVC.m in Sources */,
				6E45B51B1ABBD5A900F3161F /* AppDelegate.m in Sources */,
				6E45B5181ABBD5A900F3161F /* main.m in Sources */,
				6E45B54E1ABBE04600F3161F /* KVCUtils.m in Sources */,
				6E45B5471ABBDE7700F3161F /* BLEHRMController.m in Sources */,
			);
			runOnlyForDeploymentPostprocessing = 0;
		};
/* End PBXSourcesBuildPhase section */

/* Begin XCBuildConfiguration section */
		6E45B5331ABBD5A900F3161F /* Debug */ = {
			isa = XCBuildConfiguration;
			buildSettings = {
				ALWAYS_SEARCH_USER_PATHS = NO;
				CLANG_CXX_LANGUAGE_STANDARD = "gnu++0x";
				CLANG_CXX_LIBRARY = "libc++";
				CLANG_ENABLE_MODULES = YES;
				CLANG_ENABLE_OBJC_ARC = YES;
				CLANG_WARN_BOOL_CONVERSION = YES;
				CLANG_WARN_CONSTANT_CONVERSION = YES;
				CLANG_WARN_DIRECT_OBJC_ISA_USAGE = YES_ERROR;
				CLANG_WARN_EMPTY_BODY = YES;
				CLANG_WARN_ENUM_CONVERSION = YES;
				CLANG_WARN_INT_CONVERSION = YES;
				CLANG_WARN_OBJC_ROOT_CLASS = YES_ERROR;
				CLANG_WARN_UNREACHABLE_CODE = YES;
				CLANG_WARN__DUPLICATE_METHOD_MATCH = YES;
				"CODE_SIGN_IDENTITY[sdk=iphoneos*]" = "iPhone Developer";
				COPY_PHASE_STRIP = NO;
				ENABLE_STRICT_OBJC_MSGSEND = YES;
				GCC_C_LANGUAGE_STANDARD = gnu99;
				GCC_DYNAMIC_NO_PIC = NO;
				GCC_OPTIMIZATION_LEVEL = 0;
				GCC_PREPROCESSOR_DEFINITIONS = (
					"DEBUG=1",
					"$(inherited)",
				);
				GCC_SYMBOLS_PRIVATE_EXTERN = NO;
				GCC_WARN_64_TO_32_BIT_CONVERSION = YES;
				GCC_WARN_ABOUT_RETURN_TYPE = YES_ERROR;
				GCC_WARN_UNDECLARED_SELECTOR = YES;
				GCC_WARN_UNINITIALIZED_AUTOS = YES_AGGRESSIVE;
				GCC_WARN_UNUSED_FUNCTION = YES;
				GCC_WARN_UNUSED_VARIABLE = YES;
				IPHONEOS_DEPLOYMENT_TARGET = 7.0;
				MTL_ENABLE_DEBUG_INFO = YES;
				ONLY_ACTIVE_ARCH = YES;
				SDKROOT = iphoneos;
				TARGETED_DEVICE_FAMILY = "1,2";
			};
			name = Debug;
		};
		6E45B5341ABBD5A900F3161F /* Release */ = {
			isa = XCBuildConfiguration;
			buildSettings = {
				ALWAYS_SEARCH_USER_PATHS = NO;
				CLANG_CXX_LANGUAGE_STANDARD = "gnu++0x";
				CLANG_CXX_LIBRARY = "libc++";
				CLANG_ENABLE_MODULES = YES;
				CLANG_ENABLE_OBJC_ARC = YES;
				CLANG_WARN_BOOL_CONVERSION = YES;
				CLANG_WARN_CONSTANT_CONVERSION = YES;
				CLANG_WARN_DIRECT_OBJC_ISA_USAGE = YES_ERROR;
				CLANG_WARN_EMPTY_BODY = YES;
				CLANG_WARN_ENUM_CONVERSION = YES;
				CLANG_WARN_INT_CONVERSION = YES;
				CLANG_WARN_OBJC_ROOT_CLASS = YES_ERROR;
				CLANG_WARN_UNREACHABLE_CODE = YES;
				CLANG_WARN__DUPLICATE_METHOD_MATCH = YES;
				"CODE_SIGN_IDENTITY[sdk=iphoneos*]" = "iPhone Developer";
				COPY_PHASE_STRIP = NO;
				ENABLE_NS_ASSERTIONS = NO;
				ENABLE_STRICT_OBJC_MSGSEND = YES;
				GCC_C_LANGUAGE_STANDARD = gnu99;
				GCC_WARN_64_TO_32_BIT_CONVERSION = YES;
				GCC_WARN_ABOUT_RETURN_TYPE = YES_ERROR;
				GCC_WARN_UNDECLARED_SELECTOR = YES;
				GCC_WARN_UNINITIALIZED_AUTOS = YES_AGGRESSIVE;
				GCC_WARN_UNUSED_FUNCTION = YES;
				GCC_WARN_UNUSED_VARIABLE = YES;
				IPHONEOS_DEPLOYMENT_TARGET = 7.0;
				MTL_ENABLE_DEBUG_INFO = NO;
				SDKROOT = iphoneos;
				TARGETED_DEVICE_FAMILY = "1,2";
				VALIDATE_PRODUCT = YES;
			};
			name = Release;
		};
		6E45B5361ABBD5A900F3161F /* Debug */ = {
			isa = XCBuildConfiguration;
			buildSettings = {
				ASSETCATALOG_COMPILER_APPICON_NAME = AppIcon;
				INFOPLIST_FILE = "BLE-HRM-iOS-Demo/Info.plist";
				LD_RUNPATH_SEARCH_PATHS = "$(inherited) @executable_path/Frameworks";
				PRODUCT_NAME = "$(TARGET_NAME)";
			};
			name = Debug;
		};
		6E45B5371ABBD5A900F3161F /* Release */ = {
			isa = XCBuildConfiguration;
			buildSettings = {
				ASSETCATALOG_COMPILER_APPICON_NAME = AppIcon;
				INFOPLIST_FILE = "BLE-HRM-iOS-Demo/Info.plist";
				LD_RUNPATH_SEARCH_PATHS = "$(inherited) @executable_path/Frameworks";
				PRODUCT_NAME = "$(TARGET_NAME)";
			};
			name = Release;
		};
/* End XCBuildConfiguration section */

/* Begin XCConfigurationList section */
		6E45B50D1ABBD5A900F3161F /* Build configuration list for PBXProject "BLE-HRM-iOS-Demo" */ = {
			isa = XCConfigurationList;
			buildConfigurations = (
				6E45B5331ABBD5A900F3161F /* Debug */,
				6E45B5341ABBD5A900F3161F /* Release */,
			);
			defaultConfigurationIsVisible = 0;
			defaultConfigurationName = Release;
		};
		6E45B5351ABBD5A900F3161F /* Build configuration list for PBXNativeTarget "BLE-HRM-iOS-Demo" */ = {
			isa = XCConfigurationList;
			buildConfigurations = (
				6E45B5361ABBD5A900F3161F /* Debug */,
				6E45B5371ABBD5A900F3161F /* Release */,
			);
			defaultConfigurationIsVisible = 0;
		};
/* End XCConfigurationList section */
	};
	rootObject = 6E45B50A1ABBD5A900F3161F /* Project object */;
}
